{
  "nodes": {
    "home-manager": {
      "inputs": {
        "nixpkgs": [
          "nixpkgs"
        ]
      },
      "locked": {
        "lastModified": 1732420764,
        "narHash": "sha256-u6JOOVlnGe8fMekW0BgaHuuZwbJp4ixQaMA5BEvRoDA=",
        "owner": "nix-community",
        "repo": "home-manager",
        "rev": "67cd4814a247fd0fe97171acb90659f7e304bcb8",
        "type": "github"
      },
      "original": {
        "owner": "nix-community",
        "repo": "home-manager",
        "type": "github"
      }
    },
    "iosevka": {
      "flake": false,
      "locked": {
        "lastModified": 1732450210,
        "narHash": "sha256-K95Re38nj06HYWiM59cQ2wex+5WxMmFHy1ZvTAc/Qv4=",
        "type": "tarball",
        "url": "https://github.com/SCJangra/Iosevka/releases/download/stable/iosevka.zip"
      },
      "original": {
        "type": "tarball",
        "url": "https://github.com/SCJangra/Iosevka/releases/download/stable/iosevka.zip"
      }
    },
    "nix-index-database": {
      "inputs": {
        "nixpkgs": [
          "nixpkgs"
        ]
      },
      "locked": {
        "lastModified": 1732419467,
        "narHash": "sha256-TjuKScXbj4Ddr0L+kEOLFaYOhzbS/k/EFL543wkjN5E=",
        "owner": "nix-community",
        "repo": "nix-index-database",
        "rev": "0ef970b7021e0ee9ab93437d0e28296e86669b03",
        "type": "github"
      },
      "original": {
        "owner": "nix-community",
        "repo": "nix-index-database",
        "type": "github"
      }
    },
    "nixpkgs": {
      "locked": {
        "lastModified": 1732014248,
        "narHash": "sha256-y/MEyuJ5oBWrWAic/14LaIr/u5E0wRVzyYsouYY3W6w=",
        "owner": "NixOS",
        "repo": "nixpkgs",
        "rev": "23e89b7da85c3640bbc2173fe04f4bd114342367",
        "type": "github"
      },
      "original": {
        "owner": "NixOS",
        "ref": "nixos-unstable",
        "repo": "nixpkgs",
        "type": "github"
      }
    },
    "root": {
      "inputs": {
        "home-manager": "home-manager",
        "iosevka": "iosevka",
        "nix-index-database": "nix-index-database",
        "nixpkgs": "nixpkgs"
      }
    }
  },
  "root": "root",
  "version": 7
}
